
Microsoft Visual Studio Solution File, Format Version 12.00
# Visual Studio Version 17
VisualStudioVersion = 17.12.35514.174 d17.12
MinimumVisualStudioVersion = 10.0.40219.1
Project("{FAE04EC0-301F-11D3-BF4B-00C04F79EFBC}") = "DVTElevatorChallengeTest.ConsoleApp", "DVTElevatorChallengeTest.ConsoleApp.csproj", "{DC27AD6D-F0F6-4961-AE34-E1434971B6AF}"
EndProject
Project("{FAE04EC0-301F-11D3-BF4B-00C04F79EFBC}") = "DVTElevatorChallengeTest.Core", "..\DVTElevatorChallengeTest.Core\DVTElevatorChallengeTest.Core.csproj", "{FD7522A2-79A8-464B-82B8-82B8F540FA86}"
EndProject
Project("{FAE04EC0-301F-11D3-BF4B-00C04F79EFBC}") = "DVTElevatorChallengeTest.Application", "..\DVTElevatorChallengeTest.Application\DVTElevatorChallengeTest.Application.csproj", "{90E7B01D-1DAA-477C-A149-8AFF44E75452}"
EndProject
Project("{FAE04EC0-301F-11D3-BF4B-00C04F79EFBC}") = "DVTElevatorChallengeTest.Infrastructure", "..\DVTElevatorChallengeTest.Infrastructure\DVTElevatorChallengeTest.Infrastructure.csproj", "{256C6A62-073D-4D6B-8F87-D62B0CC3A65B}"
EndProject
Project("{FAE04EC0-301F-11D3-BF4B-00C04F79EFBC}") = "DVTElevatorChallengeTest.UnitTests", "..\DVTElevatorChallengeTest.UnitTests\DVTElevatorChallengeTest.UnitTests.csproj", "{838B5B41-48F0-4F29-99C3-4B972FFF5C16}"
EndProject
Global
	GlobalSection(SolutionConfigurationPlatforms) = preSolution
		Debug|Any CPU = Debug|Any CPU
		Release|Any CPU = Release|Any CPU
	EndGlobalSection
	GlobalSection(ProjectConfigurationPlatforms) = postSolution
		{DC27AD6D-F0F6-4961-AE34-E1434971B6AF}.Debug|Any CPU.ActiveCfg = Debug|Any CPU
		{DC27AD6D-F0F6-4961-AE34-E1434971B6AF}.Debug|Any CPU.Build.0 = Debug|Any CPU
		{DC27AD6D-F0F6-4961-AE34-E1434971B6AF}.Release|Any CPU.ActiveCfg = Release|Any CPU
		{DC27AD6D-F0F6-4961-AE34-E1434971B6AF}.Release|Any CPU.Build.0 = Release|Any CPU
		{FD7522A2-79A8-464B-82B8-82B8F540FA86}.Debug|Any CPU.ActiveCfg = Debug|Any CPU
		{FD7522A2-79A8-464B-82B8-82B8F540FA86}.Debug|Any CPU.Build.0 = Debug|Any CPU
		{FD7522A2-79A8-464B-82B8-82B8F540FA86}.Release|Any CPU.ActiveCfg = Release|Any CPU
		{FD7522A2-79A8-464B-82B8-82B8F540FA86}.Release|Any CPU.Build.0 = Release|Any CPU
		{90E7B01D-1DAA-477C-A149-8AFF44E75452}.Debug|Any CPU.ActiveCfg = Debug|Any CPU
		{90E7B01D-1DAA-477C-A149-8AFF44E75452}.Debug|Any CPU.Build.0 = Debug|Any CPU
		{90E7B01D-1DAA-477C-A149-8AFF44E75452}.Release|Any CPU.ActiveCfg = Release|Any CPU
		{90E7B01D-1DAA-477C-A149-8AFF44E75452}.Release|Any CPU.Build.0 = Release|Any CPU
		{256C6A62-073D-4D6B-8F87-D62B0CC3A65B}.Debug|Any CPU.ActiveCfg = Debug|Any CPU
		{256C6A62-073D-4D6B-8F87-D62B0CC3A65B}.Debug|Any CPU.Build.0 = Debug|Any CPU
		{256C6A62-073D-4D6B-8F87-D62B0CC3A65B}.Release|Any CPU.ActiveCfg = Release|Any CPU
		{256C6A62-073D-4D6B-8F87-D62B0CC3A65B}.Release|Any CPU.Build.0 = Release|Any CPU
		{838B5B41-48F0-4F29-99C3-4B972FFF5C16}.Debug|Any CPU.ActiveCfg = Debug|Any CPU
		{838B5B41-48F0-4F29-99C3-4B972FFF5C16}.Debug|Any CPU.Build.0 = Debug|Any CPU
		{838B5B41-48F0-4F29-99C3-4B972FFF5C16}.Release|Any CPU.ActiveCfg = Release|Any CPU
		{838B5B41-48F0-4F29-99C3-4B972FFF5C16}.Release|Any CPU.Build.0 = Release|Any CPU
	EndGlobalSection
	GlobalSection(SolutionProperties) = preSolution
		HideSolutionNode = FALSE
	EndGlobalSection
EndGlobal
